
Microsoft Visual Studio Solution File, Format Version 11.00
# Visual Studio 2010
Project("{FAE04EC0-301F-11D3-BF4B-00C04F79EFBC}") = "FLS.SharePoint", "FLS.SharePoint\FLS.SharePoint.csproj", "{1BBDEDC0-9E4D-4421-A807-A886F60B884E}"
EndProject
Project("{FAE04EC0-301F-11D3-BF4B-00C04F79EFBC}") = "FLS.SharePoint.SiteStructure", "FLS.SharePoint.SiteStructure\FLS.SharePoint.SiteStructure.csproj", "{367AA219-D214-4C73-8735-EC31CCF2B095}"
EndProject
Project("{FAE04EC0-301F-11D3-BF4B-00C04F79EFBC}") = "FLS.SharePoint.System", "FLS.SharePoint.System\FLS.SharePoint.System.csproj", "{EC4AFF50-5A17-4434-BB32-88ED44E681ED}"
EndProject
Project("{FAE04EC0-301F-11D3-BF4B-00C04F79EFBC}") = "FLS.Sharepoint.FederatedSearch", "FLS.SharePoint.FederatedSearch\FLS.Sharepoint.FederatedSearch.csproj", "{3B6D5ACF-9D92-4B44-B0C9-4F6B40CE7749}"
EndProject
Project("{2150E333-8FDC-42A3-9474-1A3956D46DE8}") = ".Libraries", ".Libraries", "{6EB36F52-7E95-43EC-AA92-005929EE7767}"
EndProject
Project("{2150E333-8FDC-42A3-9474-1A3956D46DE8}") = "Microsoft", "Microsoft", "{BCEDCAAD-3316-49DE-AE42-BEE9AA555874}"
	ProjectSection(SolutionItems) = preProject
		..\.Libraries\Microsoft\Microsoft.Office.Server.dll = ..\.Libraries\Microsoft\Microsoft.Office.Server.dll
		..\.Libraries\Microsoft\Microsoft.Office.Server.UserProfiles.dll = ..\.Libraries\Microsoft\Microsoft.Office.Server.UserProfiles.dll
		.Libraries\Microsoft\Microsoft.Practices.ServiceLocation.dll = .Libraries\Microsoft\Microsoft.Practices.ServiceLocation.dll
		.Libraries\Microsoft\Microsoft.Practices.SharePoint.Common.dll = .Libraries\Microsoft\Microsoft.Practices.SharePoint.Common.dll
	EndProjectSection
EndProject
Project("{FAE04EC0-301F-11D3-BF4B-00C04F79EFBC}") = "FLS.SharePoint.Utils", "FLS.SharePoint.Utils\FLS.SharePoint.Utils.csproj", "{305F89C1-D67C-4E7F-846D-C64AA23B5DAF}"
EndProject
Project("{FAE04EC0-301F-11D3-BF4B-00C04F79EFBC}") = "FLS.SharePoint.Infrastructure", "FLS.SharePoint.Infrastructure\FLS.SharePoint.Infrastructure.csproj", "{58BAF505-5D8D-41C6-955A-3957B8E67FC4}"
EndProject
Project("{FAE04EC0-301F-11D3-BF4B-00C04F79EFBC}") = "FLS.Sharepoint.FileSearchConnector", "FLS.Sharepoint.FileSearchConnector\FLS.Sharepoint.FileSearchConnector.csproj", "{8E67423C-D324-4FFF-8F02-94921EFC2BE0}"
EndProject
Project("{FAE04EC0-301F-11D3-BF4B-00C04F79EFBC}") = "FLS.SharePoint.UserProfile", "FLS.SharePoint.UserProfile\FLS.SharePoint.UserProfile.csproj", "{71B3EFF2-D2EC-4DA7-92B5-051234EDB4E7}"
EndProject
Project("{FAE04EC0-301F-11D3-BF4B-00C04F79EFBC}") = "FLS.SharePoint.ListDefinition", "FLS.SharePoint.ListDefinition\FLS.SharePoint.ListDefinition.csproj", "{A5FE7863-5712-4CE8-9CF2-69DD69649121}"
EndProject
Project("{FAE04EC0-301F-11D3-BF4B-00C04F79EFBC}") = "FLS.Sharepoint.UploadSolutionPage", "FLS.Sharepoint.UploadSolutionPage\FLS.Sharepoint.UploadSolutionPage.csproj", "{095EB450-0B21-4B2F-9295-D95E2323409B}"
EndProject
Project("{FAE04EC0-301F-11D3-BF4B-00C04F79EFBC}") = "FLS.Sharepoint.ClientObjectModel", "FLS.Sharepoint.ClientObjectModel\FLS.Sharepoint.ClientObjectModel.csproj", "{36E787B8-062A-4D58-9A8E-81A4F30CC019}"
EndProject
Project("{FAE04EC0-301F-11D3-BF4B-00C04F79EFBC}") = "FLS.SharePoint.SequentialWorkflow", "FLS.SharePoint.SequentialWorkflow\FLS.SharePoint.SequentialWorkflow.csproj", "{4FD2D12B-E9FF-4A48-91D8-46D89A9F64E7}"
EndProject
Project("{FAE04EC0-301F-11D3-BF4B-00C04F79EFBC}") = "CustomTaskApproval", "CustomTaskApproval\CustomTaskApproval.csproj", "{A04FF98C-88CF-4BD4-B6B3-4A08CFA0A51A}"
EndProject
Project("{FAE04EC0-301F-11D3-BF4B-00C04F79EFBC}") = "DocumentApproval", "DocumentApproval\DocumentApproval.csproj", "{78F4054A-332A-45DD-94ED-0DCA5950A478}"
EndProject
Global
	GlobalSection(SolutionConfigurationPlatforms) = preSolution
		Debug|Any CPU = Debug|Any CPU
		Release|Any CPU = Release|Any CPU
	EndGlobalSection
	GlobalSection(ProjectConfigurationPlatforms) = postSolution
		{1BBDEDC0-9E4D-4421-A807-A886F60B884E}.Debug|Any CPU.ActiveCfg = Debug|Any CPU
		{1BBDEDC0-9E4D-4421-A807-A886F60B884E}.Debug|Any CPU.Build.0 = Debug|Any CPU
		{1BBDEDC0-9E4D-4421-A807-A886F60B884E}.Debug|Any CPU.Deploy.0 = Debug|Any CPU
		{1BBDEDC0-9E4D-4421-A807-A886F60B884E}.Release|Any CPU.ActiveCfg = Release|Any CPU
		{1BBDEDC0-9E4D-4421-A807-A886F60B884E}.Release|Any CPU.Build.0 = Release|Any CPU
		{1BBDEDC0-9E4D-4421-A807-A886F60B884E}.Release|Any CPU.Deploy.0 = Release|Any CPU
		{367AA219-D214-4C73-8735-EC31CCF2B095}.Debug|Any CPU.ActiveCfg = Debug|Any CPU
		{367AA219-D214-4C73-8735-EC31CCF2B095}.Debug|Any CPU.Build.0 = Debug|Any CPU
		{367AA219-D214-4C73-8735-EC31CCF2B095}.Debug|Any CPU.Deploy.0 = Debug|Any CPU
		{367AA219-D214-4C73-8735-EC31CCF2B095}.Release|Any CPU.ActiveCfg = Release|Any CPU
		{367AA219-D214-4C73-8735-EC31CCF2B095}.Release|Any CPU.Build.0 = Release|Any CPU
		{367AA219-D214-4C73-8735-EC31CCF2B095}.Release|Any CPU.Deploy.0 = Release|Any CPU
		{EC4AFF50-5A17-4434-BB32-88ED44E681ED}.Debug|Any CPU.ActiveCfg = Debug|Any CPU
		{EC4AFF50-5A17-4434-BB32-88ED44E681ED}.Debug|Any CPU.Build.0 = Debug|Any CPU
		{EC4AFF50-5A17-4434-BB32-88ED44E681ED}.Debug|Any CPU.Deploy.0 = Debug|Any CPU
		{EC4AFF50-5A17-4434-BB32-88ED44E681ED}.Release|Any CPU.ActiveCfg = Release|Any CPU
		{EC4AFF50-5A17-4434-BB32-88ED44E681ED}.Release|Any CPU.Build.0 = Release|Any CPU
		{EC4AFF50-5A17-4434-BB32-88ED44E681ED}.Release|Any CPU.Deploy.0 = Release|Any CPU
		{3B6D5ACF-9D92-4B44-B0C9-4F6B40CE7749}.Debug|Any CPU.ActiveCfg = Debug|Any CPU
		{3B6D5ACF-9D92-4B44-B0C9-4F6B40CE7749}.Debug|Any CPU.Build.0 = Debug|Any CPU
		{3B6D5ACF-9D92-4B44-B0C9-4F6B40CE7749}.Debug|Any CPU.Deploy.0 = Debug|Any CPU
		{3B6D5ACF-9D92-4B44-B0C9-4F6B40CE7749}.Release|Any CPU.ActiveCfg = Release|Any CPU
		{3B6D5ACF-9D92-4B44-B0C9-4F6B40CE7749}.Release|Any CPU.Build.0 = Release|Any CPU
		{3B6D5ACF-9D92-4B44-B0C9-4F6B40CE7749}.Release|Any CPU.Deploy.0 = Release|Any CPU
		{305F89C1-D67C-4E7F-846D-C64AA23B5DAF}.Debug|Any CPU.ActiveCfg = Debug|Any CPU
		{305F89C1-D67C-4E7F-846D-C64AA23B5DAF}.Debug|Any CPU.Build.0 = Debug|Any CPU
		{305F89C1-D67C-4E7F-846D-C64AA23B5DAF}.Release|Any CPU.ActiveCfg = Release|Any CPU
		{305F89C1-D67C-4E7F-846D-C64AA23B5DAF}.Release|Any CPU.Build.0 = Release|Any CPU
		{58BAF505-5D8D-41C6-955A-3957B8E67FC4}.Debug|Any CPU.ActiveCfg = Debug|Any CPU
		{58BAF505-5D8D-41C6-955A-3957B8E67FC4}.Debug|Any CPU.Build.0 = Debug|Any CPU
		{58BAF505-5D8D-41C6-955A-3957B8E67FC4}.Release|Any CPU.ActiveCfg = Release|Any CPU
		{58BAF505-5D8D-41C6-955A-3957B8E67FC4}.Release|Any CPU.Build.0 = Release|Any CPU
		{8E67423C-D324-4FFF-8F02-94921EFC2BE0}.Debug|Any CPU.ActiveCfg = Debug|Any CPU
		{8E67423C-D324-4FFF-8F02-94921EFC2BE0}.Debug|Any CPU.Build.0 = Debug|Any CPU
		{8E67423C-D324-4FFF-8F02-94921EFC2BE0}.Debug|Any CPU.Deploy.0 = Debug|Any CPU
		{8E67423C-D324-4FFF-8F02-94921EFC2BE0}.Release|Any CPU.ActiveCfg = Release|Any CPU
		{8E67423C-D324-4FFF-8F02-94921EFC2BE0}.Release|Any CPU.Build.0 = Release|Any CPU
		{8E67423C-D324-4FFF-8F02-94921EFC2BE0}.Release|Any CPU.Deploy.0 = Release|Any CPU
		{71B3EFF2-D2EC-4DA7-92B5-051234EDB4E7}.Debug|Any CPU.ActiveCfg = Debug|Any CPU
		{71B3EFF2-D2EC-4DA7-92B5-051234EDB4E7}.Debug|Any CPU.Build.0 = Debug|Any CPU
		{71B3EFF2-D2EC-4DA7-92B5-051234EDB4E7}.Debug|Any CPU.Deploy.0 = Debug|Any CPU
		{71B3EFF2-D2EC-4DA7-92B5-051234EDB4E7}.Release|Any CPU.ActiveCfg = Release|Any CPU
		{71B3EFF2-D2EC-4DA7-92B5-051234EDB4E7}.Release|Any CPU.Build.0 = Release|Any CPU
		{71B3EFF2-D2EC-4DA7-92B5-051234EDB4E7}.Release|Any CPU.Deploy.0 = Release|Any CPU
		{A5FE7863-5712-4CE8-9CF2-69DD69649121}.Debug|Any CPU.ActiveCfg = Debug|Any CPU
		{A5FE7863-5712-4CE8-9CF2-69DD69649121}.Debug|Any CPU.Build.0 = Debug|Any CPU
		{A5FE7863-5712-4CE8-9CF2-69DD69649121}.Debug|Any CPU.Deploy.0 = Debug|Any CPU
		{A5FE7863-5712-4CE8-9CF2-69DD69649121}.Release|Any CPU.ActiveCfg = Release|Any CPU
		{A5FE7863-5712-4CE8-9CF2-69DD69649121}.Release|Any CPU.Build.0 = Release|Any CPU
		{A5FE7863-5712-4CE8-9CF2-69DD69649121}.Release|Any CPU.Deploy.0 = Release|Any CPU
		{095EB450-0B21-4B2F-9295-D95E2323409B}.Debug|Any CPU.ActiveCfg = Debug|Any CPU
		{095EB450-0B21-4B2F-9295-D95E2323409B}.Debug|Any CPU.Build.0 = Debug|Any CPU
		{095EB450-0B21-4B2F-9295-D95E2323409B}.Debug|Any CPU.Deploy.0 = Debug|Any CPU
		{095EB450-0B21-4B2F-9295-D95E2323409B}.Release|Any CPU.ActiveCfg = Release|Any CPU
		{095EB450-0B21-4B2F-9295-D95E2323409B}.Release|Any CPU.Build.0 = Release|Any CPU
		{095EB450-0B21-4B2F-9295-D95E2323409B}.Release|Any CPU.Deploy.0 = Release|Any CPU
		{36E787B8-062A-4D58-9A8E-81A4F30CC019}.Debug|Any CPU.ActiveCfg = Debug|Any CPU
		{36E787B8-062A-4D58-9A8E-81A4F30CC019}.Debug|Any CPU.Build.0 = Debug|Any CPU
		{36E787B8-062A-4D58-9A8E-81A4F30CC019}.Debug|Any CPU.Deploy.0 = Debug|Any CPU
		{36E787B8-062A-4D58-9A8E-81A4F30CC019}.Release|Any CPU.ActiveCfg = Release|Any CPU
		{36E787B8-062A-4D58-9A8E-81A4F30CC019}.Release|Any CPU.Build.0 = Release|Any CPU
		{36E787B8-062A-4D58-9A8E-81A4F30CC019}.Release|Any CPU.Deploy.0 = Release|Any CPU
		{4FD2D12B-E9FF-4A48-91D8-46D89A9F64E7}.Debug|Any CPU.ActiveCfg = Debug|Any CPU
		{4FD2D12B-E9FF-4A48-91D8-46D89A9F64E7}.Debug|Any CPU.Build.0 = Debug|Any CPU
		{4FD2D12B-E9FF-4A48-91D8-46D89A9F64E7}.Debug|Any CPU.Deploy.0 = Debug|Any CPU
		{4FD2D12B-E9FF-4A48-91D8-46D89A9F64E7}.Release|Any CPU.ActiveCfg = Release|Any CPU
		{4FD2D12B-E9FF-4A48-91D8-46D89A9F64E7}.Release|Any CPU.Build.0 = Release|Any CPU
		{4FD2D12B-E9FF-4A48-91D8-46D89A9F64E7}.Release|Any CPU.Deploy.0 = Release|Any CPU
		{A04FF98C-88CF-4BD4-B6B3-4A08CFA0A51A}.Debug|Any CPU.ActiveCfg = Debug|Any CPU
		{A04FF98C-88CF-4BD4-B6B3-4A08CFA0A51A}.Debug|Any CPU.Build.0 = Debug|Any CPU
		{A04FF98C-88CF-4BD4-B6B3-4A08CFA0A51A}.Debug|Any CPU.Deploy.0 = Debug|Any CPU
		{A04FF98C-88CF-4BD4-B6B3-4A08CFA0A51A}.Release|Any CPU.ActiveCfg = Release|Any CPU
		{A04FF98C-88CF-4BD4-B6B3-4A08CFA0A51A}.Release|Any CPU.Build.0 = Release|Any CPU
		{A04FF98C-88CF-4BD4-B6B3-4A08CFA0A51A}.Release|Any CPU.Deploy.0 = Release|Any CPU
		{78F4054A-332A-45DD-94ED-0DCA5950A478}.Debug|Any CPU.ActiveCfg = Debug|Any CPU
		{78F4054A-332A-45DD-94ED-0DCA5950A478}.Debug|Any CPU.Build.0 = Debug|Any CPU
		{78F4054A-332A-45DD-94ED-0DCA5950A478}.Debug|Any CPU.Deploy.0 = Debug|Any CPU
		{78F4054A-332A-45DD-94ED-0DCA5950A478}.Release|Any CPU.ActiveCfg = Release|Any CPU
		{78F4054A-332A-45DD-94ED-0DCA5950A478}.Release|Any CPU.Build.0 = Release|Any CPU
		{78F4054A-332A-45DD-94ED-0DCA5950A478}.Release|Any CPU.Deploy.0 = Release|Any CPU
	EndGlobalSection
	GlobalSection(SolutionProperties) = preSolution
		HideSolutionNode = FALSE
	EndGlobalSection
	GlobalSection(NestedProjects) = preSolution
		{BCEDCAAD-3316-49DE-AE42-BEE9AA555874} = {6EB36F52-7E95-43EC-AA92-005929EE7767}
	EndGlobalSection
EndGlobal
